
Microsoft Visual Studio Solution File, Format Version 12.00
# Visual Studio Version 17
VisualStudioVersion = 17.1.32210.238
MinimumVisualStudioVersion = 10.0.40219.1
Project("{FAE04EC0-301F-11D3-BF4B-00C04F79EFBC}") = "Day 19 Project 2", "Day 19 Project 2.csproj", "{FE58F484-E8A5-4286-9CF1-D27D70B0CA9F}"
EndProject
Global
	GlobalSection(SolutionConfigurationPlatforms) = preSolution
		Debug|Any CPU = Debug|Any CPU
		Release|Any CPU = Release|Any CPU
	EndGlobalSection
	GlobalSection(ProjectConfigurationPlatforms) = postSolution
		{FE58F484-E8A5-4286-9CF1-D27D70B0CA9F}.Debug|Any CPU.ActiveCfg = Debug|Any CPU
		{FE58F484-E8A5-4286-9CF1-D27D70B0CA9F}.Debug|Any CPU.Build.0 = Debug|Any CPU
		{FE58F484-E8A5-4286-9CF1-D27D70B0CA9F}.Release|Any CPU.ActiveCfg = Release|Any CPU
		{FE58F484-E8A5-4286-9CF1-D27D70B0CA9F}.Release|Any CPU.Build.0 = Release|Any CPU
	EndGlobalSection
	GlobalSection(SolutionProperties) = preSolution
		HideSolutionNode = FALSE
	EndGlobalSection
	GlobalSection(ExtensibilityGlobals) = postSolution
		SolutionGuid = {42FC2A3E-1434-412C-B91A-DCF0587D3CC9}
	EndGlobalSection
EndGlobal
