
Microsoft Visual Studio Solution File, Format Version 12.00
# Visual Studio Version 17
VisualStudioVersion = 17.0.32112.339
MinimumVisualStudioVersion = 10.0.40219.1
Project("{FAE04EC0-301F-11D3-BF4B-00C04F79EFBC}") = "Day 7 project 2", "Day 7 project 2.csproj", "{CBBE2D9E-2735-454F-81A4-1C8B959725AE}"
EndProject
Global
	GlobalSection(SolutionConfigurationPlatforms) = preSolution
		Debug|Any CPU = Debug|Any CPU
		Release|Any CPU = Release|Any CPU
	EndGlobalSection
	GlobalSection(ProjectConfigurationPlatforms) = postSolution
		{CBBE2D9E-2735-454F-81A4-1C8B959725AE}.Debug|Any CPU.ActiveCfg = Debug|Any CPU
		{CBBE2D9E-2735-454F-81A4-1C8B959725AE}.Debug|Any CPU.Build.0 = Debug|Any CPU
		{CBBE2D9E-2735-454F-81A4-1C8B959725AE}.Release|Any CPU.ActiveCfg = Release|Any CPU
		{CBBE2D9E-2735-454F-81A4-1C8B959725AE}.Release|Any CPU.Build.0 = Release|Any CPU
	EndGlobalSection
	GlobalSection(SolutionProperties) = preSolution
		HideSolutionNode = FALSE
	EndGlobalSection
	GlobalSection(ExtensibilityGlobals) = postSolution
		SolutionGuid = {38A0AA58-048C-49F8-B2D6-3F89968F264F}
	EndGlobalSection
EndGlobal
