
Microsoft Visual Studio Solution File, Format Version 12.00
# Visual Studio Version 17
VisualStudioVersion = 17.0.32112.339
MinimumVisualStudioVersion = 10.0.40219.1
Project("{FAE04EC0-301F-11D3-BF4B-00C04F79EFBC}") = "Day 13 Project 4", "Day 13 Project 4.csproj", "{827F3572-7534-4F99-BAD1-86596F85363C}"
EndProject
Global
	GlobalSection(SolutionConfigurationPlatforms) = preSolution
		Debug|Any CPU = Debug|Any CPU
		Release|Any CPU = Release|Any CPU
	EndGlobalSection
	GlobalSection(ProjectConfigurationPlatforms) = postSolution
		{827F3572-7534-4F99-BAD1-86596F85363C}.Debug|Any CPU.ActiveCfg = Debug|Any CPU
		{827F3572-7534-4F99-BAD1-86596F85363C}.Debug|Any CPU.Build.0 = Debug|Any CPU
		{827F3572-7534-4F99-BAD1-86596F85363C}.Release|Any CPU.ActiveCfg = Release|Any CPU
		{827F3572-7534-4F99-BAD1-86596F85363C}.Release|Any CPU.Build.0 = Release|Any CPU
	EndGlobalSection
	GlobalSection(SolutionProperties) = preSolution
		HideSolutionNode = FALSE
	EndGlobalSection
	GlobalSection(ExtensibilityGlobals) = postSolution
		SolutionGuid = {EE8A2BD0-FAB1-45C4-8113-69A96C3552DB}
	EndGlobalSection
EndGlobal
