
Microsoft Visual Studio Solution File, Format Version 12.00
# Visual Studio Version 17
VisualStudioVersion = 17.0.32112.339
MinimumVisualStudioVersion = 10.0.40219.1
Project("{FAE04EC0-301F-11D3-BF4B-00C04F79EFBC}") = "som of digits", "som of digits.csproj", "{0834B195-94A0-460E-A0B6-2A6CB04F9EE3}"
EndProject
Global
	GlobalSection(SolutionConfigurationPlatforms) = preSolution
		Debug|Any CPU = Debug|Any CPU
		Release|Any CPU = Release|Any CPU
	EndGlobalSection
	GlobalSection(ProjectConfigurationPlatforms) = postSolution
		{0834B195-94A0-460E-A0B6-2A6CB04F9EE3}.Debug|Any CPU.ActiveCfg = Debug|Any CPU
		{0834B195-94A0-460E-A0B6-2A6CB04F9EE3}.Debug|Any CPU.Build.0 = Debug|Any CPU
		{0834B195-94A0-460E-A0B6-2A6CB04F9EE3}.Release|Any CPU.ActiveCfg = Release|Any CPU
		{0834B195-94A0-460E-A0B6-2A6CB04F9EE3}.Release|Any CPU.Build.0 = Release|Any CPU
	EndGlobalSection
	GlobalSection(SolutionProperties) = preSolution
		HideSolutionNode = FALSE
	EndGlobalSection
	GlobalSection(ExtensibilityGlobals) = postSolution
		SolutionGuid = {09E7136A-F021-42DF-8F98-8C093189530D}
	EndGlobalSection
EndGlobal
