
Microsoft Visual Studio Solution File, Format Version 12.00
# Visual Studio Version 17
VisualStudioVersion = 17.0.32112.339
MinimumVisualStudioVersion = 10.0.40219.1
Project("{FAE04EC0-301F-11D3-BF4B-00C04F79EFBC}") = "Day 13 Project 2", "Day 13 Project 2.csproj", "{626421F2-C429-4261-8CA9-2B8E94CC62CE}"
EndProject
Global
	GlobalSection(SolutionConfigurationPlatforms) = preSolution
		Debug|Any CPU = Debug|Any CPU
		Release|Any CPU = Release|Any CPU
	EndGlobalSection
	GlobalSection(ProjectConfigurationPlatforms) = postSolution
		{626421F2-C429-4261-8CA9-2B8E94CC62CE}.Debug|Any CPU.ActiveCfg = Debug|Any CPU
		{626421F2-C429-4261-8CA9-2B8E94CC62CE}.Debug|Any CPU.Build.0 = Debug|Any CPU
		{626421F2-C429-4261-8CA9-2B8E94CC62CE}.Release|Any CPU.ActiveCfg = Release|Any CPU
		{626421F2-C429-4261-8CA9-2B8E94CC62CE}.Release|Any CPU.Build.0 = Release|Any CPU
	EndGlobalSection
	GlobalSection(SolutionProperties) = preSolution
		HideSolutionNode = FALSE
	EndGlobalSection
	GlobalSection(ExtensibilityGlobals) = postSolution
		SolutionGuid = {1AAB3112-228B-44DE-A685-6FCE199706FF}
	EndGlobalSection
EndGlobal
