
Microsoft Visual Studio Solution File, Format Version 12.00
# Visual Studio Version 17
VisualStudioVersion = 17.0.32112.339
MinimumVisualStudioVersion = 10.0.40219.1
Project("{FAE04EC0-301F-11D3-BF4B-00C04F79EFBC}") = "Day 3 Project 4", "Day 3 Project 4.csproj", "{FAE4E993-E86A-46FE-A11A-EF14C5A74753}"
EndProject
Global
	GlobalSection(SolutionConfigurationPlatforms) = preSolution
		Debug|Any CPU = Debug|Any CPU
		Release|Any CPU = Release|Any CPU
	EndGlobalSection
	GlobalSection(ProjectConfigurationPlatforms) = postSolution
		{FAE4E993-E86A-46FE-A11A-EF14C5A74753}.Debug|Any CPU.ActiveCfg = Debug|Any CPU
		{FAE4E993-E86A-46FE-A11A-EF14C5A74753}.Debug|Any CPU.Build.0 = Debug|Any CPU
		{FAE4E993-E86A-46FE-A11A-EF14C5A74753}.Release|Any CPU.ActiveCfg = Release|Any CPU
		{FAE4E993-E86A-46FE-A11A-EF14C5A74753}.Release|Any CPU.Build.0 = Release|Any CPU
	EndGlobalSection
	GlobalSection(SolutionProperties) = preSolution
		HideSolutionNode = FALSE
	EndGlobalSection
	GlobalSection(ExtensibilityGlobals) = postSolution
		SolutionGuid = {F60351F3-6EA3-4CF7-85AE-4CBFD5B7FADE}
	EndGlobalSection
EndGlobal
