
Microsoft Visual Studio Solution File, Format Version 12.00
# Visual Studio Version 17
VisualStudioVersion = 17.0.32112.339
MinimumVisualStudioVersion = 10.0.40219.1
Project("{FAE04EC0-301F-11D3-BF4B-00C04F79EFBC}") = "Day 18 Project 2", "Day 18 Project 2.csproj", "{60E8A431-DEB4-407F-8D31-8FDE90F9DE29}"
EndProject
Project("{FAE04EC0-301F-11D3-BF4B-00C04F79EFBC}") = "Palindrome", "..\Palindrome\Palindrome.csproj", "{5F99CAFE-C6B9-4762-B5AA-92399140A118}"
EndProject
Project("{FAE04EC0-301F-11D3-BF4B-00C04F79EFBC}") = "PalindromeTests", "..\PalindromeTests\PalindromeTests.csproj", "{FCA82B78-83B8-4D12-ACC4-5B3AAC8B6BF7}"
EndProject
Global
	GlobalSection(SolutionConfigurationPlatforms) = preSolution
		Debug|Any CPU = Debug|Any CPU
		Release|Any CPU = Release|Any CPU
	EndGlobalSection
	GlobalSection(ProjectConfigurationPlatforms) = postSolution
		{60E8A431-DEB4-407F-8D31-8FDE90F9DE29}.Debug|Any CPU.ActiveCfg = Debug|Any CPU
		{60E8A431-DEB4-407F-8D31-8FDE90F9DE29}.Debug|Any CPU.Build.0 = Debug|Any CPU
		{60E8A431-DEB4-407F-8D31-8FDE90F9DE29}.Release|Any CPU.ActiveCfg = Release|Any CPU
		{60E8A431-DEB4-407F-8D31-8FDE90F9DE29}.Release|Any CPU.Build.0 = Release|Any CPU
		{5F99CAFE-C6B9-4762-B5AA-92399140A118}.Debug|Any CPU.ActiveCfg = Debug|Any CPU
		{5F99CAFE-C6B9-4762-B5AA-92399140A118}.Debug|Any CPU.Build.0 = Debug|Any CPU
		{5F99CAFE-C6B9-4762-B5AA-92399140A118}.Release|Any CPU.ActiveCfg = Release|Any CPU
		{5F99CAFE-C6B9-4762-B5AA-92399140A118}.Release|Any CPU.Build.0 = Release|Any CPU
		{FCA82B78-83B8-4D12-ACC4-5B3AAC8B6BF7}.Debug|Any CPU.ActiveCfg = Debug|Any CPU
		{FCA82B78-83B8-4D12-ACC4-5B3AAC8B6BF7}.Debug|Any CPU.Build.0 = Debug|Any CPU
		{FCA82B78-83B8-4D12-ACC4-5B3AAC8B6BF7}.Release|Any CPU.ActiveCfg = Release|Any CPU
		{FCA82B78-83B8-4D12-ACC4-5B3AAC8B6BF7}.Release|Any CPU.Build.0 = Release|Any CPU
	EndGlobalSection
	GlobalSection(SolutionProperties) = preSolution
		HideSolutionNode = FALSE
	EndGlobalSection
	GlobalSection(ExtensibilityGlobals) = postSolution
		SolutionGuid = {84ACCD38-EF3F-4971-B6E7-E9522DD097B7}
	EndGlobalSection
EndGlobal
