
Microsoft Visual Studio Solution File, Format Version 12.00
# Visual Studio Version 17
VisualStudioVersion = 17.0.32112.339
MinimumVisualStudioVersion = 10.0.40219.1
Project("{FAE04EC0-301F-11D3-BF4B-00C04F79EFBC}") = "MarryLibrary", "MarryLibrary.csproj", "{213C712C-E234-486D-968C-F039D505119F}"
EndProject
Project("{FAE04EC0-301F-11D3-BF4B-00C04F79EFBC}") = "Day 16 Project 3", "..\Day 16 Project 3\Day 16 Project 3.csproj", "{0C39747F-56EA-4E0E-9247-2C3C78AC89F3}"
EndProject
Global
	GlobalSection(SolutionConfigurationPlatforms) = preSolution
		Debug|Any CPU = Debug|Any CPU
		Release|Any CPU = Release|Any CPU
	EndGlobalSection
	GlobalSection(ProjectConfigurationPlatforms) = postSolution
		{213C712C-E234-486D-968C-F039D505119F}.Debug|Any CPU.ActiveCfg = Debug|Any CPU
		{213C712C-E234-486D-968C-F039D505119F}.Debug|Any CPU.Build.0 = Debug|Any CPU
		{213C712C-E234-486D-968C-F039D505119F}.Release|Any CPU.ActiveCfg = Release|Any CPU
		{213C712C-E234-486D-968C-F039D505119F}.Release|Any CPU.Build.0 = Release|Any CPU
		{0C39747F-56EA-4E0E-9247-2C3C78AC89F3}.Debug|Any CPU.ActiveCfg = Debug|Any CPU
		{0C39747F-56EA-4E0E-9247-2C3C78AC89F3}.Debug|Any CPU.Build.0 = Debug|Any CPU
		{0C39747F-56EA-4E0E-9247-2C3C78AC89F3}.Release|Any CPU.ActiveCfg = Release|Any CPU
		{0C39747F-56EA-4E0E-9247-2C3C78AC89F3}.Release|Any CPU.Build.0 = Release|Any CPU
	EndGlobalSection
	GlobalSection(SolutionProperties) = preSolution
		HideSolutionNode = FALSE
	EndGlobalSection
	GlobalSection(ExtensibilityGlobals) = postSolution
		SolutionGuid = {260C4819-A3DF-494C-B3C7-79C12E6CB6A6}
	EndGlobalSection
EndGlobal
