
Microsoft Visual Studio Solution File, Format Version 12.00
# Visual Studio Version 17
VisualStudioVersion = 17.0.32112.339
MinimumVisualStudioVersion = 10.0.40219.1
Project("{FAE04EC0-301F-11D3-BF4B-00C04F79EFBC}") = "Day 1 Project 2", "Day 1 Project 2.csproj", "{2CAE9B1E-7F48-4251-B214-5328E8E15D6A}"
EndProject
Global
	GlobalSection(SolutionConfigurationPlatforms) = preSolution
		Debug|Any CPU = Debug|Any CPU
		Release|Any CPU = Release|Any CPU
	EndGlobalSection
	GlobalSection(ProjectConfigurationPlatforms) = postSolution
		{2CAE9B1E-7F48-4251-B214-5328E8E15D6A}.Debug|Any CPU.ActiveCfg = Debug|Any CPU
		{2CAE9B1E-7F48-4251-B214-5328E8E15D6A}.Debug|Any CPU.Build.0 = Debug|Any CPU
		{2CAE9B1E-7F48-4251-B214-5328E8E15D6A}.Release|Any CPU.ActiveCfg = Release|Any CPU
		{2CAE9B1E-7F48-4251-B214-5328E8E15D6A}.Release|Any CPU.Build.0 = Release|Any CPU
	EndGlobalSection
	GlobalSection(SolutionProperties) = preSolution
		HideSolutionNode = FALSE
	EndGlobalSection
	GlobalSection(ExtensibilityGlobals) = postSolution
		SolutionGuid = {69853097-759C-46DE-BC6F-C3E15C38B6FE}
	EndGlobalSection
EndGlobal
