
Microsoft Visual Studio Solution File, Format Version 12.00
# Visual Studio Version 17
VisualStudioVersion = 17.0.32112.339
MinimumVisualStudioVersion = 10.0.40219.1
Project("{FAE04EC0-301F-11D3-BF4B-00C04F79EFBC}") = "Day 11 Project 3", "Day 11 Project 3.csproj", "{630FDB65-2D36-4E8B-816D-7D776257EFDF}"
EndProject
Global
	GlobalSection(SolutionConfigurationPlatforms) = preSolution
		Debug|Any CPU = Debug|Any CPU
		Release|Any CPU = Release|Any CPU
	EndGlobalSection
	GlobalSection(ProjectConfigurationPlatforms) = postSolution
		{630FDB65-2D36-4E8B-816D-7D776257EFDF}.Debug|Any CPU.ActiveCfg = Debug|Any CPU
		{630FDB65-2D36-4E8B-816D-7D776257EFDF}.Debug|Any CPU.Build.0 = Debug|Any CPU
		{630FDB65-2D36-4E8B-816D-7D776257EFDF}.Release|Any CPU.ActiveCfg = Release|Any CPU
		{630FDB65-2D36-4E8B-816D-7D776257EFDF}.Release|Any CPU.Build.0 = Release|Any CPU
	EndGlobalSection
	GlobalSection(SolutionProperties) = preSolution
		HideSolutionNode = FALSE
	EndGlobalSection
	GlobalSection(ExtensibilityGlobals) = postSolution
		SolutionGuid = {D59FD7C2-593E-4E90-AA93-F8945AACF706}
	EndGlobalSection
EndGlobal
