
Microsoft Visual Studio Solution File, Format Version 12.00
# Visual Studio Version 17
VisualStudioVersion = 17.1.32210.238
MinimumVisualStudioVersion = 10.0.40219.1
Project("{FAE04EC0-301F-11D3-BF4B-00C04F79EFBC}") = "WebWin1", "WebWin1.csproj", "{A88E77AE-BE46-47B4-A8C9-D3A69D38E711}"
EndProject
Global
	GlobalSection(SolutionConfigurationPlatforms) = preSolution
		Debug|Any CPU = Debug|Any CPU
		Release|Any CPU = Release|Any CPU
	EndGlobalSection
	GlobalSection(ProjectConfigurationPlatforms) = postSolution
		{A88E77AE-BE46-47B4-A8C9-D3A69D38E711}.Debug|Any CPU.ActiveCfg = Debug|Any CPU
		{A88E77AE-BE46-47B4-A8C9-D3A69D38E711}.Debug|Any CPU.Build.0 = Debug|Any CPU
		{A88E77AE-BE46-47B4-A8C9-D3A69D38E711}.Release|Any CPU.ActiveCfg = Release|Any CPU
		{A88E77AE-BE46-47B4-A8C9-D3A69D38E711}.Release|Any CPU.Build.0 = Release|Any CPU
	EndGlobalSection
	GlobalSection(SolutionProperties) = preSolution
		HideSolutionNode = FALSE
	EndGlobalSection
	GlobalSection(ExtensibilityGlobals) = postSolution
		SolutionGuid = {5A4789A6-EE74-4E44-9F68-1CEC113A8F36}
	EndGlobalSection
EndGlobal
