
Microsoft Visual Studio Solution File, Format Version 12.00
# Visual Studio Version 17
VisualStudioVersion = 17.0.32112.339
MinimumVisualStudioVersion = 10.0.40219.1
Project("{FAE04EC0-301F-11D3-BF4B-00C04F79EFBC}") = "prime in range", "prime in range.csproj", "{8203ADDE-1076-4BE7-8159-AB7DA055887C}"
EndProject
Global
	GlobalSection(SolutionConfigurationPlatforms) = preSolution
		Debug|Any CPU = Debug|Any CPU
		Release|Any CPU = Release|Any CPU
	EndGlobalSection
	GlobalSection(ProjectConfigurationPlatforms) = postSolution
		{8203ADDE-1076-4BE7-8159-AB7DA055887C}.Debug|Any CPU.ActiveCfg = Debug|Any CPU
		{8203ADDE-1076-4BE7-8159-AB7DA055887C}.Debug|Any CPU.Build.0 = Debug|Any CPU
		{8203ADDE-1076-4BE7-8159-AB7DA055887C}.Release|Any CPU.ActiveCfg = Release|Any CPU
		{8203ADDE-1076-4BE7-8159-AB7DA055887C}.Release|Any CPU.Build.0 = Release|Any CPU
	EndGlobalSection
	GlobalSection(SolutionProperties) = preSolution
		HideSolutionNode = FALSE
	EndGlobalSection
	GlobalSection(ExtensibilityGlobals) = postSolution
		SolutionGuid = {A95706E2-C5B5-493B-8A99-D8E39B634594}
	EndGlobalSection
EndGlobal
