
Microsoft Visual Studio Solution File, Format Version 12.00
# Visual Studio Version 17
VisualStudioVersion = 17.0.32112.339
MinimumVisualStudioVersion = 10.0.40219.1
Project("{FAE04EC0-301F-11D3-BF4B-00C04F79EFBC}") = "Day Project 4", "Day Project 4.csproj", "{975A98F7-2148-4CBA-A6AB-8BCEBE817B18}"
EndProject
Global
	GlobalSection(SolutionConfigurationPlatforms) = preSolution
		Debug|Any CPU = Debug|Any CPU
		Release|Any CPU = Release|Any CPU
	EndGlobalSection
	GlobalSection(ProjectConfigurationPlatforms) = postSolution
		{975A98F7-2148-4CBA-A6AB-8BCEBE817B18}.Debug|Any CPU.ActiveCfg = Debug|Any CPU
		{975A98F7-2148-4CBA-A6AB-8BCEBE817B18}.Debug|Any CPU.Build.0 = Debug|Any CPU
		{975A98F7-2148-4CBA-A6AB-8BCEBE817B18}.Release|Any CPU.ActiveCfg = Release|Any CPU
		{975A98F7-2148-4CBA-A6AB-8BCEBE817B18}.Release|Any CPU.Build.0 = Release|Any CPU
	EndGlobalSection
	GlobalSection(SolutionProperties) = preSolution
		HideSolutionNode = FALSE
	EndGlobalSection
	GlobalSection(ExtensibilityGlobals) = postSolution
		SolutionGuid = {E5CECA1D-4076-496A-891E-86E6AAD672BE}
	EndGlobalSection
EndGlobal
